{
  "originHash" : "125d4c166b096d207c1761c9df5838bc1d49b32e67479567b228058e0666efab",
  "pins" : [
    {
      "identity" : "amplify-swift",
      "kind" : "remoteSourceControl",
      "location" : "https://github.com/subdiox/amplify-swift",
      "state" : {
        "revision" : "0044a01c7a29f6d1102d052d129e8b9e0e21afc6",
        "version" : "2.34.2"
      }
    },
    {
      "identity" : "amplify-swift-utils-notifications",
      "kind" : "remoteSourceControl",
      "location" : "https://github.com/aws-amplify/amplify-swift-utils-notifications.git",
      "state" : {
        "revision" : "959eec669ba97c7d923b963c3e66ca8a0b2737f6",
        "version" : "1.1.1"
      }
    },
    {
      "identity" : "aws-crt-swift",
      "kind" : "remoteSourceControl",
      "location" : "https://github.com/subdiox/aws-crt-swift",
      "state" : {
        "revision" : "070f44f965906f809a3edabb1892da22c4942382",
        "version" : "0.30.0"
      }
    },
    {
      "identity" : "aws-sdk-swift",
      "kind" : "remoteSourceControl",
      "location" : "https://github.com/subdiox/aws-sdk-swift.git",
      "state" : {
        "revision" : "d540be2e6ba1648369370f6bdf69be33f2926dba",
        "version" : "0.44.0"
      }
    },
    {
      "identity" : "smithy-swift",
      "kind" : "remoteSourceControl",
      "location" : "https://github.com/subdiox/smithy-swift",
      "state" : {
        "revision" : "73e9bac1a4184747346b89eb65de81353a227c27",
        "version" : "0.49.0"
      }
    },
    {
      "identity" : "sqlite.swift",
      "kind" : "remoteSourceControl",
      "location" : "https://github.com/stephencelis/SQLite.swift.git",
      "state" : {
        "revision" : "a95fc6df17d108bd99210db5e8a9bac90fe984b8",
        "version" : "0.15.3"
      }
    },
    {
      "identity" : "swift-log",
      "kind" : "remoteSourceControl",
      "location" : "https://github.com/apple/swift-log.git",
      "state" : {
        "revision" : "e97a6fcb1ab07462881ac165fdbb37f067e205d5",
        "version" : "1.5.4"
      }
    }
  ],
  "version" : 3
}
